{
    "_meta": {
        "hash": {
            "sha256": "6ec8984c9b3627024dc7845c238d2580ed0565ccac06130a854bbaff38fb21ad"
        },
        "pipfile-spec": 6,
        "requires": {
            "python_full_version": "3.12.2",
            "python_version": "3.12"
        },
        "sources": [
            {
                "name": "pip_conf_index_global",
                "url": "https://pypi.tuna.tsinghua.edu.cn/simple",
                "verify_ssl": true
            }
        ]
    },
    "default": {},
    "develop": {}
}
